
Microsoft Visual Studio Solution File, Format Version 12.00
# Visual Studio Version 16
VisualStudioVersion = 16.0.32126.315
MinimumVisualStudioVersion = 10.0.40219.1
Project("{FAE04EC0-301F-11D3-BF4B-00C04F79EFBC}") = "MovieCharacterAPI", "MovieCharacterAPI\MovieCharacterAPI.csproj", "{12A2148D-3C50-4279-B159-779D83B914C1}"
EndProject
Global
	GlobalSection(SolutionConfigurationPlatforms) = preSolution
		Debug|Any CPU = Debug|Any CPU
		Release|Any CPU = Release|Any CPU
	EndGlobalSection
	GlobalSection(ProjectConfigurationPlatforms) = postSolution
		{12A2148D-3C50-4279-B159-779D83B914C1}.Debug|Any CPU.ActiveCfg = Debug|Any CPU
		{12A2148D-3C50-4279-B159-779D83B914C1}.Debug|Any CPU.Build.0 = Debug|Any CPU
		{12A2148D-3C50-4279-B159-779D83B914C1}.Release|Any CPU.ActiveCfg = Release|Any CPU
		{12A2148D-3C50-4279-B159-779D83B914C1}.Release|Any CPU.Build.0 = Release|Any CPU
	EndGlobalSection
	GlobalSection(SolutionProperties) = preSolution
		HideSolutionNode = FALSE
	EndGlobalSection
	GlobalSection(ExtensibilityGlobals) = postSolution
		SolutionGuid = {AF105EF9-5469-4DA1-B93C-B96238FDEDC1}
	EndGlobalSection
EndGlobal
